PODS:
  - Hue (2.0.1)
  - Lightbox (1.0.0):
    - Hue

DEPENDENCIES:
  - Lightbox (from `https://github.com/mhassanpur/Lightbox`)

EXTERNAL SOURCES:
  Lightbox:
    :git: https://github.com/mhassanpur/Lightbox

CHECKOUT OPTIONS:
  Lightbox:
    :commit: b5d86f1f7963c3b1ce7ad459e80462bd0321bb2c
    :git: https://github.com/mhassanpur/Lightbox

SPEC CHECKSUMS:
  Hue: 354caec055fdc9d38b5ef33ca2e7224721843baf
  Lightbox: a7edccb98c1a84a4b089a44dbaf2b39a409fbfcb

PODFILE CHECKSUM: 2b9047dbbf5f79b6aaeaf9ab36e1b95fcc0894b9

COCOAPODS: 1.2.1
